# This file is automatically @generated by Cargo.
# It is not intended for manual editing.
version = 3

[[package]]
name = "shuckie-server"
version = "0.1.0"

[[package]]
name = "shuckie-server-c"
version = "0.1.0"
dependencies = [
 "shuckie-server",
]

[[package]]
name = "shuckie-test-impl"
version = "0.1.0"
dependencies = [
 "shuckie-server",
]
